
Microsoft Visual Studio Solution File, Format Version 12.00
# Visual Studio 15
VisualStudioVersion = 15.0.27703.2047
MinimumVisualStudioVersion = 10.0.40219.1
Project("{FAE04EC0-301F-11D3-BF4B-00C04F79EFBC}") = "GuideUAPP.Android", "GuideUAPP\GuideUAPP.Android\GuideUAPP.Android.csproj", "{4FC9B8F2-6B64-4975-B444-68D15F03E79C}"
EndProject
Project("{FAE04EC0-301F-11D3-BF4B-00C04F79EFBC}") = "GuideUAPP.iOS", "GuideUAPP\GuideUAPP.iOS\GuideUAPP.iOS.csproj", "{B545608E-E597-4F64-B5A0-246EBD414E05}"
EndProject
Project("{FAE04EC0-301F-11D3-BF4B-00C04F79EFBC}") = "GuideUAPP.UWP", "GuideUAPP\GuideUAPP.UWP\GuideUAPP.UWP.csproj", "{27009E89-9E03-443D-AB66-2408D295BCD4}"
EndProject
Project("{FAE04EC0-301F-11D3-BF4B-00C04F79EFBC}") = "GuideUAPP", "GuideUAPP\GuideUAPP\GuideUAPP.csproj", "{045243F3-9496-44D4-9081-4347A8DBCCA5}"
EndProject
Global
	GlobalSection(SolutionConfigurationPlatforms) = preSolution
		Ad-Hoc|Any CPU = Ad-Hoc|Any CPU
		Ad-Hoc|ARM = Ad-Hoc|ARM
		Ad-Hoc|iPhone = Ad-Hoc|iPhone
		Ad-Hoc|iPhoneSimulator = Ad-Hoc|iPhoneSimulator
		Ad-Hoc|x64 = Ad-Hoc|x64
		Ad-Hoc|x86 = Ad-Hoc|x86
		AppStore|Any CPU = AppStore|Any CPU
		AppStore|ARM = AppStore|ARM
		AppStore|iPhone = AppStore|iPhone
		AppStore|iPhoneSimulator = AppStore|iPhoneSimulator
		AppStore|x64 = AppStore|x64
		AppStore|x86 = AppStore|x86
		Debug|Any CPU = Debug|Any CPU
		Debug|ARM = Debug|ARM
		Debug|iPhone = Debug|iPhone
		Debug|iPhoneSimulator = Debug|iPhoneSimulator
		Debug|x64 = Debug|x64
		Debug|x86 = Debug|x86
		Release|Any CPU = Release|Any CPU
		Release|ARM = Release|ARM
		Release|iPhone = Release|iPhone
		Release|iPhoneSimulator = Release|iPhoneSimulator
		Release|x64 = Release|x64
		Release|x86 = Release|x86
	EndGlobalSection
	GlobalSection(ProjectConfigurationPlatforms) = postSolution
		{4FC9B8F2-6B64-4975-B444-68D15F03E79C}.Ad-Hoc|Any CPU.ActiveCfg = Release|Any CPU
		{4FC9B8F2-6B64-4975-B444-68D15F03E79C}.Ad-Hoc|Any CPU.Build.0 = Release|Any CPU
		{4FC9B8F2-6B64-4975-B444-68D15F03E79C}.Ad-Hoc|Any CPU.Deploy.0 = Release|Any CPU
		{4FC9B8F2-6B64-4975-B444-68D15F03E79C}.Ad-Hoc|ARM.ActiveCfg = Release|Any CPU
		{4FC9B8F2-6B64-4975-B444-68D15F03E79C}.Ad-Hoc|ARM.Build.0 = Release|Any CPU
		{4FC9B8F2-6B64-4975-B444-68D15F03E79C}.Ad-Hoc|ARM.Deploy.0 = Release|Any CPU
		{4FC9B8F2-6B64-4975-B444-68D15F03E79C}.Ad-Hoc|iPhone.ActiveCfg = Release|Any CPU
		{4FC9B8F2-6B64-4975-B444-68D15F03E79C}.Ad-Hoc|iPhone.Build.0 = Release|Any CPU
		{4FC9B8F2-6B64-4975-B444-68D15F03E79C}.Ad-Hoc|iPhone.Deploy.0 = Release|Any CPU
		{4FC9B8F2-6B64-4975-B444-68D15F03E79C}.Ad-Hoc|iPhoneSimulator.ActiveCfg = Release|Any CPU
		{4FC9B8F2-6B64-4975-B444-68D15F03E79C}.Ad-Hoc|iPhoneSimulator.Build.0 = Release|Any CPU
		{4FC9B8F2-6B64-4975-B444-68D15F03E79C}.Ad-Hoc|iPhoneSimulator.Deploy.0 = Release|Any CPU
		{4FC9B8F2-6B64-4975-B444-68D15F03E79C}.Ad-Hoc|x64.ActiveCfg = Release|Any CPU
		{4FC9B8F2-6B64-4975-B444-68D15F03E79C}.Ad-Hoc|x64.Build.0 = Release|Any CPU
		{4FC9B8F2-6B64-4975-B444-68D15F03E79C}.Ad-Hoc|x64.Deploy.0 = Release|Any CPU
		{4FC9B8F2-6B64-4975-B444-68D15F03E79C}.Ad-Hoc|x86.ActiveCfg = Release|Any CPU
		{4FC9B8F2-6B64-4975-B444-68D15F03E79C}.Ad-Hoc|x86.Build.0 = Release|Any CPU
		{4FC9B8F2-6B64-4975-B444-68D15F03E79C}.Ad-Hoc|x86.Deploy.0 = Release|Any CPU
		{4FC9B8F2-6B64-4975-B444-68D15F03E79C}.AppStore|Any CPU.ActiveCfg = Release|Any CPU
		{4FC9B8F2-6B64-4975-B444-68D15F03E79C}.AppStore|Any CPU.Build.0 = Release|Any CPU
		{4FC9B8F2-6B64-4975-B444-68D15F03E79C}.AppStore|Any CPU.Deploy.0 = Release|Any CPU
		{4FC9B8F2-6B64-4975-B444-68D15F03E79C}.AppStore|ARM.ActiveCfg = Release|Any CPU
		{4FC9B8F2-6B64-4975-B444-68D15F03E79C}.AppStore|ARM.Build.0 = Release|Any CPU
		{4FC9B8F2-6B64-4975-B444-68D15F03E79C}.AppStore|ARM.Deploy.0 = Release|Any CPU
		{4FC9B8F2-6B64-4975-B444-68D15F03E79C}.AppStore|iPhone.ActiveCfg = Release|Any CPU
		{4FC9B8F2-6B64-4975-B444-68D15F03E79C}.AppStore|iPhone.Build.0 = Release|Any CPU
		{4FC9B8F2-6B64-4975-B444-68D15F03E79C}.AppStore|iPhone.Deploy.0 = Release|Any CPU
		{4FC9B8F2-6B64-4975-B444-68D15F03E79C}.AppStore|iPhoneSimulator.ActiveCfg = Release|Any CPU
		{4FC9B8F2-6B64-4975-B444-68D15F03E79C}.AppStore|iPhoneSimulator.Build.0 = Release|Any CPU
		{4FC9B8F2-6B64-4975-B444-68D15F03E79C}.AppStore|iPhoneSimulator.Deploy.0 = Release|Any CPU
		{4FC9B8F2-6B64-4975-B444-68D15F03E79C}.AppStore|x64.ActiveCfg = Release|Any CPU
		{4FC9B8F2-6B64-4975-B444-68D15F03E79C}.AppStore|x64.Build.0 = Release|Any CPU
		{4FC9B8F2-6B64-4975-B444-68D15F03E79C}.AppStore|x64.Deploy.0 = Release|Any CPU
		{4FC9B8F2-6B64-4975-B444-68D15F03E79C}.AppStore|x86.ActiveCfg = Release|Any CPU
		{4FC9B8F2-6B64-4975-B444-68D15F03E79C}.AppStore|x86.Build.0 = Release|Any CPU
		{4FC9B8F2-6B64-4975-B444-68D15F03E79C}.AppStore|x86.Deploy.0 = Release|Any CPU
		{4FC9B8F2-6B64-4975-B444-68D15F03E79C}.Debug|Any CPU.ActiveCfg = Debug|Any CPU
		{4FC9B8F2-6B64-4975-B444-68D15F03E79C}.Debug|Any CPU.Build.0 = Debug|Any CPU
		{4FC9B8F2-6B64-4975-B444-68D15F03E79C}.Debug|Any CPU.Deploy.0 = Debug|Any CPU
		{4FC9B8F2-6B64-4975-B444-68D15F03E79C}.Debug|ARM.ActiveCfg = Debug|Any CPU
		{4FC9B8F2-6B64-4975-B444-68D15F03E79C}.Debug|ARM.Build.0 = Debug|Any CPU
		{4FC9B8F2-6B64-4975-B444-68D15F03E79C}.Debug|ARM.Deploy.0 = Debug|Any CPU
		{4FC9B8F2-6B64-4975-B444-68D15F03E79C}.Debug|iPhone.ActiveCfg = Debug|Any CPU
		{4FC9B8F2-6B64-4975-B444-68D15F03E79C}.Debug|iPhone.Build.0 = Debug|Any CPU
		{4FC9B8F2-6B64-4975-B444-68D15F03E79C}.Debug|iPhone.Deploy.0 = Debug|Any CPU
		{4FC9B8F2-6B64-4975-B444-68D15F03E79C}.Debug|iPhoneSimulator.ActiveCfg = Debug|Any CPU
		{4FC9B8F2-6B64-4975-B444-68D15F03E79C}.Debug|iPhoneSimulator.Build.0 = Debug|Any CPU
		{4FC9B8F2-6B64-4975-B444-68D15F03E79C}.Debug|iPhoneSimulator.Deploy.0 = Debug|Any CPU
		{4FC9B8F2-6B64-4975-B444-68D15F03E79C}.Debug|x64.ActiveCfg = Debug|Any CPU
		{4FC9B8F2-6B64-4975-B444-68D15F03E79C}.Debug|x64.Build.0 = Debug|Any CPU
		{4FC9B8F2-6B64-4975-B444-68D15F03E79C}.Debug|x64.Deploy.0 = Debug|Any CPU
		{4FC9B8F2-6B64-4975-B444-68D15F03E79C}.Debug|x86.ActiveCfg = Debug|Any CPU
		{4FC9B8F2-6B64-4975-B444-68D15F03E79C}.Debug|x86.Build.0 = Debug|Any CPU
		{4FC9B8F2-6B64-4975-B444-68D15F03E79C}.Debug|x86.Deploy.0 = Debug|Any CPU
		{4FC9B8F2-6B64-4975-B444-68D15F03E79C}.Release|Any CPU.ActiveCfg = Release|Any CPU
		{4FC9B8F2-6B64-4975-B444-68D15F03E79C}.Release|Any CPU.Build.0 = Release|Any CPU
		{4FC9B8F2-6B64-4975-B444-68D15F03E79C}.Release|Any CPU.Deploy.0 = Release|Any CPU
		{4FC9B8F2-6B64-4975-B444-68D15F03E79C}.Release|ARM.ActiveCfg = Release|Any CPU
		{4FC9B8F2-6B64-4975-B444-68D15F03E79C}.Release|ARM.Build.0 = Release|Any CPU
		{4FC9B8F2-6B64-4975-B444-68D15F03E79C}.Release|ARM.Deploy.0 = Release|Any CPU
		{4FC9B8F2-6B64-4975-B444-68D15F03E79C}.Release|iPhone.ActiveCfg = Release|Any CPU
		{4FC9B8F2-6B64-4975-B444-68D15F03E79C}.Release|iPhone.Build.0 = Release|Any CPU
		{4FC9B8F2-6B64-4975-B444-68D15F03E79C}.Release|iPhone.Deploy.0 = Release|Any CPU
		{4FC9B8F2-6B64-4975-B444-68D15F03E79C}.Release|iPhoneSimulator.ActiveCfg = Release|Any CPU
		{4FC9B8F2-6B64-4975-B444-68D15F03E79C}.Release|iPhoneSimulator.Build.0 = Release|Any CPU
		{4FC9B8F2-6B64-4975-B444-68D15F03E79C}.Release|iPhoneSimulator.Deploy.0 = Release|Any CPU
		{4FC9B8F2-6B64-4975-B444-68D15F03E79C}.Release|x64.ActiveCfg = Release|Any CPU
		{4FC9B8F2-6B64-4975-B444-68D15F03E79C}.Release|x64.Build.0 = Release|Any CPU
		{4FC9B8F2-6B64-4975-B444-68D15F03E79C}.Release|x64.Deploy.0 = Release|Any CPU
		{4FC9B8F2-6B64-4975-B444-68D15F03E79C}.Release|x86.ActiveCfg = Release|Any CPU
		{4FC9B8F2-6B64-4975-B444-68D15F03E79C}.Release|x86.Build.0 = Release|Any CPU
		{4FC9B8F2-6B64-4975-B444-68D15F03E79C}.Release|x86.Deploy.0 = Release|Any CPU
		{B545608E-E597-4F64-B5A0-246EBD414E05}.Ad-Hoc|Any CPU.ActiveCfg = Ad-Hoc|iPhone
		{B545608E-E597-4F64-B5A0-246EBD414E05}.Ad-Hoc|Any CPU.Build.0 = Ad-Hoc|iPhone
		{B545608E-E597-4F64-B5A0-246EBD414E05}.Ad-Hoc|Any CPU.Deploy.0 = Ad-Hoc|iPhone
		{B545608E-E597-4F64-B5A0-246EBD414E05}.Ad-Hoc|ARM.ActiveCfg = Ad-Hoc|iPhone
		{B545608E-E597-4F64-B5A0-246EBD414E05}.Ad-Hoc|ARM.Build.0 = Ad-Hoc|iPhone
		{B545608E-E597-4F64-B5A0-246EBD414E05}.Ad-Hoc|ARM.Deploy.0 = Ad-Hoc|iPhone
		{B545608E-E597-4F64-B5A0-246EBD414E05}.Ad-Hoc|iPhone.ActiveCfg = Ad-Hoc|iPhone
		{B545608E-E597-4F64-B5A0-246EBD414E05}.Ad-Hoc|iPhone.Build.0 = Ad-Hoc|iPhone
		{B545608E-E597-4F64-B5A0-246EBD414E05}.Ad-Hoc|iPhone.Deploy.0 = Ad-Hoc|iPhone
		{B545608E-E597-4F64-B5A0-246EBD414E05}.Ad-Hoc|iPhoneSimulator.ActiveCfg = Ad-Hoc|iPhoneSimulator
		{B545608E-E597-4F64-B5A0-246EBD414E05}.Ad-Hoc|iPhoneSimulator.Build.0 = Ad-Hoc|iPhoneSimulator
		{B545608E-E597-4F64-B5A0-246EBD414E05}.Ad-Hoc|iPhoneSimulator.Deploy.0 = Ad-Hoc|iPhoneSimulator
		{B545608E-E597-4F64-B5A0-246EBD414E05}.Ad-Hoc|x64.ActiveCfg = Ad-Hoc|iPhone
		{B545608E-E597-4F64-B5A0-246EBD414E05}.Ad-Hoc|x64.Build.0 = Ad-Hoc|iPhone
		{B545608E-E597-4F64-B5A0-246EBD414E05}.Ad-Hoc|x64.Deploy.0 = Ad-Hoc|iPhone
		{B545608E-E597-4F64-B5A0-246EBD414E05}.Ad-Hoc|x86.ActiveCfg = Ad-Hoc|iPhone
		{B545608E-E597-4F64-B5A0-246EBD414E05}.Ad-Hoc|x86.Build.0 = Ad-Hoc|iPhone
		{B545608E-E597-4F64-B5A0-246EBD414E05}.Ad-Hoc|x86.Deploy.0 = Ad-Hoc|iPhone
		{B545608E-E597-4F64-B5A0-246EBD414E05}.AppStore|Any CPU.ActiveCfg = AppStore|iPhone
		{B545608E-E597-4F64-B5A0-246EBD414E05}.AppStore|Any CPU.Build.0 = AppStore|iPhone
		{B545608E-E597-4F64-B5A0-246EBD414E05}.AppStore|Any CPU.Deploy.0 = AppStore|iPhone
		{B545608E-E597-4F64-B5A0-246EBD414E05}.AppStore|ARM.ActiveCfg = AppStore|iPhone
		{B545608E-E597-4F64-B5A0-246EBD414E05}.AppStore|ARM.Build.0 = AppStore|iPhone
		{B545608E-E597-4F64-B5A0-246EBD414E05}.AppStore|ARM.Deploy.0 = AppStore|iPhone
		{B545608E-E597-4F64-B5A0-246EBD414E05}.AppStore|iPhone.ActiveCfg = AppStore|iPhone
		{B545608E-E597-4F64-B5A0-246EBD414E05}.AppStore|iPhone.Build.0 = AppStore|iPhone
		{B545608E-E597-4F64-B5A0-246EBD414E05}.AppStore|iPhone.Deploy.0 = AppStore|iPhone
		{B545608E-E597-4F64-B5A0-246EBD414E05}.AppStore|iPhoneSimulator.ActiveCfg = AppStore|iPhoneSimulator
		{B545608E-E597-4F64-B5A0-246EBD414E05}.AppStore|iPhoneSimulator.Build.0 = AppStore|iPhoneSimulator
		{B545608E-E597-4F64-B5A0-246EBD414E05}.AppStore|iPhoneSimulator.Deploy.0 = AppStore|iPhoneSimulator
		{B545608E-E597-4F64-B5A0-246EBD414E05}.AppStore|x64.ActiveCfg = AppStore|iPhone
		{B545608E-E597-4F64-B5A0-246EBD414E05}.AppStore|x64.Build.0 = AppStore|iPhone
		{B545608E-E597-4F64-B5A0-246EBD414E05}.AppStore|x64.Deploy.0 = AppStore|iPhone
		{B545608E-E597-4F64-B5A0-246EBD414E05}.AppStore|x86.ActiveCfg = AppStore|iPhone
		{B545608E-E597-4F64-B5A0-246EBD414E05}.AppStore|x86.Build.0 = AppStore|iPhone
		{B545608E-E597-4F64-B5A0-246EBD414E05}.AppStore|x86.Deploy.0 = AppStore|iPhone
		{B545608E-E597-4F64-B5A0-246EBD414E05}.Debug|Any CPU.ActiveCfg = Debug|iPhoneSimulator
		{B545608E-E597-4F64-B5A0-246EBD414E05}.Debug|Any CPU.Build.0 = Debug|iPhoneSimulator
		{B545608E-E597-4F64-B5A0-246EBD414E05}.Debug|Any CPU.Deploy.0 = Debug|iPhoneSimulator
		{B545608E-E597-4F64-B5A0-246EBD414E05}.Debug|ARM.ActiveCfg = Debug|iPhone
		{B545608E-E597-4F64-B5A0-246EBD414E05}.Debug|ARM.Build.0 = Debug|iPhone
		{B545608E-E597-4F64-B5A0-246EBD414E05}.Debug|ARM.Deploy.0 = Debug|iPhone
		{B545608E-E597-4F64-B5A0-246EBD414E05}.Debug|iPhone.ActiveCfg = Debug|iPhone
		{B545608E-E597-4F64-B5A0-246EBD414E05}.Debug|iPhone.Build.0 = Debug|iPhone
		{B545608E-E597-4F64-B5A0-246EBD414E05}.Debug|iPhone.Deploy.0 = Debug|iPhone
		{B545608E-E597-4F64-B5A0-246EBD414E05}.Debug|iPhoneSimulator.ActiveCfg = Debug|iPhoneSimulator
		{B545608E-E597-4F64-B5A0-246EBD414E05}.Debug|iPhoneSimulator.Build.0 = Debug|iPhoneSimulator
		{B545608E-E597-4F64-B5A0-246EBD414E05}.Debug|iPhoneSimulator.Deploy.0 = Debug|iPhoneSimulator
		{B545608E-E597-4F64-B5A0-246EBD414E05}.Debug|x64.ActiveCfg = Debug|iPhone
		{B545608E-E597-4F64-B5A0-246EBD414E05}.Debug|x64.Build.0 = Debug|iPhone
		{B545608E-E597-4F64-B5A0-246EBD414E05}.Debug|x64.Deploy.0 = Debug|iPhone
		{B545608E-E597-4F64-B5A0-246EBD414E05}.Debug|x86.ActiveCfg = Debug|iPhone
		{B545608E-E597-4F64-B5A0-246EBD414E05}.Debug|x86.Build.0 = Debug|iPhone
		{B545608E-E597-4F64-B5A0-246EBD414E05}.Debug|x86.Deploy.0 = Debug|iPhone
		{B545608E-E597-4F64-B5A0-246EBD414E05}.Release|Any CPU.ActiveCfg = Release|iPhone
		{B545608E-E597-4F64-B5A0-246EBD414E05}.Release|Any CPU.Build.0 = Release|iPhone
		{B545608E-E597-4F64-B5A0-246EBD414E05}.Release|Any CPU.Deploy.0 = Release|iPhone
		{B545608E-E597-4F64-B5A0-246EBD414E05}.Release|ARM.ActiveCfg = Release|iPhone
		{B545608E-E597-4F64-B5A0-246EBD414E05}.Release|ARM.Build.0 = Release|iPhone
		{B545608E-E597-4F64-B5A0-246EBD414E05}.Release|ARM.Deploy.0 = Release|iPhone
		{B545608E-E597-4F64-B5A0-246EBD414E05}.Release|iPhone.ActiveCfg = Release|iPhone
		{B545608E-E597-4F64-B5A0-246EBD414E05}.Release|iPhone.Build.0 = Release|iPhone
		{B545608E-E597-4F64-B5A0-246EBD414E05}.Release|iPhone.Deploy.0 = Release|iPhone
		{B545608E-E597-4F64-B5A0-246EBD414E05}.Release|iPhoneSimulator.ActiveCfg = Release|iPhoneSimulator
		{B545608E-E597-4F64-B5A0-246EBD414E05}.Release|iPhoneSimulator.Build.0 = Release|iPhoneSimulator
		{B545608E-E597-4F64-B5A0-246EBD414E05}.Release|iPhoneSimulator.Deploy.0 = Release|iPhoneSimulator
		{B545608E-E597-4F64-B5A0-246EBD414E05}.Release|x64.ActiveCfg = Release|iPhone
		{B545608E-E597-4F64-B5A0-246EBD414E05}.Release|x64.Build.0 = Release|iPhone
		{B545608E-E597-4F64-B5A0-246EBD414E05}.Release|x64.Deploy.0 = Release|iPhone
		{B545608E-E597-4F64-B5A0-246EBD414E05}.Release|x86.ActiveCfg = Release|iPhone
		{B545608E-E597-4F64-B5A0-246EBD414E05}.Release|x86.Build.0 = Release|iPhone
		{B545608E-E597-4F64-B5A0-246EBD414E05}.Release|x86.Deploy.0 = Release|iPhone
		{27009E89-9E03-443D-AB66-2408D295BCD4}.Ad-Hoc|Any CPU.ActiveCfg = Release|x86
		{27009E89-9E03-443D-AB66-2408D295BCD4}.Ad-Hoc|Any CPU.Build.0 = Release|x86
		{27009E89-9E03-443D-AB66-2408D295BCD4}.Ad-Hoc|Any CPU.Deploy.0 = Release|x86
		{27009E89-9E03-443D-AB66-2408D295BCD4}.Ad-Hoc|ARM.ActiveCfg = Release|ARM
		{27009E89-9E03-443D-AB66-2408D295BCD4}.Ad-Hoc|ARM.Build.0 = Release|ARM
		{27009E89-9E03-443D-AB66-2408D295BCD4}.Ad-Hoc|ARM.Deploy.0 = Release|ARM
		{27009E89-9E03-443D-AB66-2408D295BCD4}.Ad-Hoc|iPhone.ActiveCfg = Release|x86
		{27009E89-9E03-443D-AB66-2408D295BCD4}.Ad-Hoc|iPhone.Build.0 = Release|x86
		{27009E89-9E03-443D-AB66-2408D295BCD4}.Ad-Hoc|iPhone.Deploy.0 = Release|x86
		{27009E89-9E03-443D-AB66-2408D295BCD4}.Ad-Hoc|iPhoneSimulator.ActiveCfg = Release|x86
		{27009E89-9E03-443D-AB66-2408D295BCD4}.Ad-Hoc|iPhoneSimulator.Build.0 = Release|x86
		{27009E89-9E03-443D-AB66-2408D295BCD4}.Ad-Hoc|iPhoneSimulator.Deploy.0 = Release|x86
		{27009E89-9E03-443D-AB66-2408D295BCD4}.Ad-Hoc|x64.ActiveCfg = Release|x64
		{27009E89-9E03-443D-AB66-2408D295BCD4}.Ad-Hoc|x64.Build.0 = Release|x64
		{27009E89-9E03-443D-AB66-2408D295BCD4}.Ad-Hoc|x64.Deploy.0 = Release|x64
		{27009E89-9E03-443D-AB66-2408D295BCD4}.Ad-Hoc|x86.ActiveCfg = Release|x86
		{27009E89-9E03-443D-AB66-2408D295BCD4}.Ad-Hoc|x86.Build.0 = Release|x86
		{27009E89-9E03-443D-AB66-2408D295BCD4}.Ad-Hoc|x86.Deploy.0 = Release|x86
		{27009E89-9E03-443D-AB66-2408D295BCD4}.AppStore|Any CPU.ActiveCfg = Release|x86
		{27009E89-9E03-443D-AB66-2408D295BCD4}.AppStore|Any CPU.Build.0 = Release|x86
		{27009E89-9E03-443D-AB66-2408D295BCD4}.AppStore|Any CPU.Deploy.0 = Release|x86
		{27009E89-9E03-443D-AB66-2408D295BCD4}.AppStore|ARM.ActiveCfg = Release|ARM
		{27009E89-9E03-443D-AB66-2408D295BCD4}.AppStore|ARM.Build.0 = Release|ARM
		{27009E89-9E03-443D-AB66-2408D295BCD4}.AppStore|ARM.Deploy.0 = Release|ARM
		{27009E89-9E03-443D-AB66-2408D295BCD4}.AppStore|iPhone.ActiveCfg = Release|x86
		{27009E89-9E03-443D-AB66-2408D295BCD4}.AppStore|iPhone.Build.0 = Release|x86
		{27009E89-9E03-443D-AB66-2408D295BCD4}.AppStore|iPhone.Deploy.0 = Release|x86
		{27009E89-9E03-443D-AB66-2408D295BCD4}.AppStore|iPhoneSimulator.ActiveCfg = Release|x86
		{27009E89-9E03-443D-AB66-2408D295BCD4}.AppStore|iPhoneSimulator.Build.0 = Release|x86
		{27009E89-9E03-443D-AB66-2408D295BCD4}.AppStore|iPhoneSimulator.Deploy.0 = Release|x86
		{27009E89-9E03-443D-AB66-2408D295BCD4}.AppStore|x64.ActiveCfg = Release|x64
		{27009E89-9E03-443D-AB66-2408D295BCD4}.AppStore|x64.Build.0 = Release|x64
		{27009E89-9E03-443D-AB66-2408D295BCD4}.AppStore|x64.Deploy.0 = Release|x64
		{27009E89-9E03-443D-AB66-2408D295BCD4}.AppStore|x86.ActiveCfg = Release|x86
		{27009E89-9E03-443D-AB66-2408D295BCD4}.AppStore|x86.Build.0 = Release|x86
		{27009E89-9E03-443D-AB66-2408D295BCD4}.AppStore|x86.Deploy.0 = Release|x86
		{27009E89-9E03-443D-AB66-2408D295BCD4}.Debug|Any CPU.ActiveCfg = Debug|x86
		{27009E89-9E03-443D-AB66-2408D295BCD4}.Debug|Any CPU.Build.0 = Debug|x86
		{27009E89-9E03-443D-AB66-2408D295BCD4}.Debug|Any CPU.Deploy.0 = Debug|x86
		{27009E89-9E03-443D-AB66-2408D295BCD4}.Debug|ARM.ActiveCfg = Debug|ARM
		{27009E89-9E03-443D-AB66-2408D295BCD4}.Debug|ARM.Build.0 = Debug|ARM
		{27009E89-9E03-443D-AB66-2408D295BCD4}.Debug|ARM.Deploy.0 = Debug|ARM
		{27009E89-9E03-443D-AB66-2408D295BCD4}.Debug|iPhone.ActiveCfg = Debug|x86
		{27009E89-9E03-443D-AB66-2408D295BCD4}.Debug|iPhone.Build.0 = Debug|x86
		{27009E89-9E03-443D-AB66-2408D295BCD4}.Debug|iPhone.Deploy.0 = Debug|x86
		{27009E89-9E03-443D-AB66-2408D295BCD4}.Debug|iPhoneSimulator.ActiveCfg = Debug|x86
		{27009E89-9E03-443D-AB66-2408D295BCD4}.Debug|iPhoneSimulator.Build.0 = Debug|x86
		{27009E89-9E03-443D-AB66-2408D295BCD4}.Debug|iPhoneSimulator.Deploy.0 = Debug|x86
		{27009E89-9E03-443D-AB66-2408D295BCD4}.Debug|x64.ActiveCfg = Debug|x64
		{27009E89-9E03-443D-AB66-2408D295BCD4}.Debug|x64.Build.0 = Debug|x64
		{27009E89-9E03-443D-AB66-2408D295BCD4}.Debug|x64.Deploy.0 = Debug|x64
		{27009E89-9E03-443D-AB66-2408D295BCD4}.Debug|x86.ActiveCfg = Debug|x86
		{27009E89-9E03-443D-AB66-2408D295BCD4}.Debug|x86.Build.0 = Debug|x86
		{27009E89-9E03-443D-AB66-2408D295BCD4}.Debug|x86.Deploy.0 = Debug|x86
		{27009E89-9E03-443D-AB66-2408D295BCD4}.Release|Any CPU.ActiveCfg = Release|x86
		{27009E89-9E03-443D-AB66-2408D295BCD4}.Release|Any CPU.Build.0 = Release|x86
		{27009E89-9E03-443D-AB66-2408D295BCD4}.Release|Any CPU.Deploy.0 = Release|x86
		{27009E89-9E03-443D-AB66-2408D295BCD4}.Release|ARM.ActiveCfg = Release|ARM
		{27009E89-9E03-443D-AB66-2408D295BCD4}.Release|ARM.Build.0 = Release|ARM
		{27009E89-9E03-443D-AB66-2408D295BCD4}.Release|ARM.Deploy.0 = Release|ARM
		{27009E89-9E03-443D-AB66-2408D295BCD4}.Release|iPhone.ActiveCfg = Release|x86
		{27009E89-9E03-443D-AB66-2408D295BCD4}.Release|iPhone.Build.0 = Release|x86
		{27009E89-9E03-443D-AB66-2408D295BCD4}.Release|iPhone.Deploy.0 = Release|x86
		{27009E89-9E03-443D-AB66-2408D295BCD4}.Release|iPhoneSimulator.ActiveCfg = Release|x86
		{27009E89-9E03-443D-AB66-2408D295BCD4}.Release|iPhoneSimulator.Build.0 = Release|x86
		{27009E89-9E03-443D-AB66-2408D295BCD4}.Release|iPhoneSimulator.Deploy.0 = Release|x86
		{27009E89-9E03-443D-AB66-2408D295BCD4}.Release|x64.ActiveCfg = Release|x64
		{27009E89-9E03-443D-AB66-2408D295BCD4}.Release|x64.Build.0 = Release|x64
		{27009E89-9E03-443D-AB66-2408D295BCD4}.Release|x64.Deploy.0 = Release|x64
		{27009E89-9E03-443D-AB66-2408D295BCD4}.Release|x86.ActiveCfg = Release|x86
		{27009E89-9E03-443D-AB66-2408D295BCD4}.Release|x86.Build.0 = Release|x86
		{27009E89-9E03-443D-AB66-2408D295BCD4}.Release|x86.Deploy.0 = Release|x86
		{045243F3-9496-44D4-9081-4347A8DBCCA5}.Ad-Hoc|Any CPU.ActiveCfg = Debug|Any CPU
		{045243F3-9496-44D4-9081-4347A8DBCCA5}.Ad-Hoc|Any CPU.Build.0 = Debug|Any CPU
		{045243F3-9496-44D4-9081-4347A8DBCCA5}.Ad-Hoc|Any CPU.Deploy.0 = Debug|Any CPU
		{045243F3-9496-44D4-9081-4347A8DBCCA5}.Ad-Hoc|ARM.ActiveCfg = Debug|Any CPU
		{045243F3-9496-44D4-9081-4347A8DBCCA5}.Ad-Hoc|ARM.Build.0 = Debug|Any CPU
		{045243F3-9496-44D4-9081-4347A8DBCCA5}.Ad-Hoc|ARM.Deploy.0 = Debug|Any CPU
		{045243F3-9496-44D4-9081-4347A8DBCCA5}.Ad-Hoc|iPhone.ActiveCfg = Debug|Any CPU
		{045243F3-9496-44D4-9081-4347A8DBCCA5}.Ad-Hoc|iPhone.Build.0 = Debug|Any CPU
		{045243F3-9496-44D4-9081-4347A8DBCCA5}.Ad-Hoc|iPhone.Deploy.0 = Debug|Any CPU
		{045243F3-9496-44D4-9081-4347A8DBCCA5}.Ad-Hoc|iPhoneSimulator.ActiveCfg = Debug|Any CPU
		{045243F3-9496-44D4-9081-4347A8DBCCA5}.Ad-Hoc|iPhoneSimulator.Build.0 = Debug|Any CPU
		{045243F3-9496-44D4-9081-4347A8DBCCA5}.Ad-Hoc|iPhoneSimulator.Deploy.0 = Debug|Any CPU
		{045243F3-9496-44D4-9081-4347A8DBCCA5}.Ad-Hoc|x64.ActiveCfg = Debug|Any CPU
		{045243F3-9496-44D4-9081-4347A8DBCCA5}.Ad-Hoc|x64.Build.0 = Debug|Any CPU
		{045243F3-9496-44D4-9081-4347A8DBCCA5}.Ad-Hoc|x64.Deploy.0 = Debug|Any CPU
		{045243F3-9496-44D4-9081-4347A8DBCCA5}.Ad-Hoc|x86.ActiveCfg = Debug|Any CPU
		{045243F3-9496-44D4-9081-4347A8DBCCA5}.Ad-Hoc|x86.Build.0 = Debug|Any CPU
		{045243F3-9496-44D4-9081-4347A8DBCCA5}.Ad-Hoc|x86.Deploy.0 = Debug|Any CPU
		{045243F3-9496-44D4-9081-4347A8DBCCA5}.AppStore|Any CPU.ActiveCfg = Debug|Any CPU
		{045243F3-9496-44D4-9081-4347A8DBCCA5}.AppStore|Any CPU.Build.0 = Debug|Any CPU
		{045243F3-9496-44D4-9081-4347A8DBCCA5}.AppStore|Any CPU.Deploy.0 = Debug|Any CPU
		{045243F3-9496-44D4-9081-4347A8DBCCA5}.AppStore|ARM.ActiveCfg = Debug|Any CPU
		{045243F3-9496-44D4-9081-4347A8DBCCA5}.AppStore|ARM.Build.0 = Debug|Any CPU
		{045243F3-9496-44D4-9081-4347A8DBCCA5}.AppStore|ARM.Deploy.0 = Debug|Any CPU
		{045243F3-9496-44D4-9081-4347A8DBCCA5}.AppStore|iPhone.ActiveCfg = Debug|Any CPU
		{045243F3-9496-44D4-9081-4347A8DBCCA5}.AppStore|iPhone.Build.0 = Debug|Any CPU
		{045243F3-9496-44D4-9081-4347A8DBCCA5}.AppStore|iPhone.Deploy.0 = Debug|Any CPU
		{045243F3-9496-44D4-9081-4347A8DBCCA5}.AppStore|iPhoneSimulator.ActiveCfg = Debug|Any CPU
		{045243F3-9496-44D4-9081-4347A8DBCCA5}.AppStore|iPhoneSimulator.Build.0 = Debug|Any CPU
		{045243F3-9496-44D4-9081-4347A8DBCCA5}.AppStore|iPhoneSimulator.Deploy.0 = Debug|Any CPU
		{045243F3-9496-44D4-9081-4347A8DBCCA5}.AppStore|x64.ActiveCfg = Debug|Any CPU
		{045243F3-9496-44D4-9081-4347A8DBCCA5}.AppStore|x64.Build.0 = Debug|Any CPU
		{045243F3-9496-44D4-9081-4347A8DBCCA5}.AppStore|x64.Deploy.0 = Debug|Any CPU
		{045243F3-9496-44D4-9081-4347A8DBCCA5}.AppStore|x86.ActiveCfg = Debug|Any CPU
		{045243F3-9496-44D4-9081-4347A8DBCCA5}.AppStore|x86.Build.0 = Debug|Any CPU
		{045243F3-9496-44D4-9081-4347A8DBCCA5}.AppStore|x86.Deploy.0 = Debug|Any CPU
		{045243F3-9496-44D4-9081-4347A8DBCCA5}.Debug|Any CPU.ActiveCfg = Debug|Any CPU
		{045243F3-9496-44D4-9081-4347A8DBCCA5}.Debug|Any CPU.Build.0 = Debug|Any CPU
		{045243F3-9496-44D4-9081-4347A8DBCCA5}.Debug|Any CPU.Deploy.0 = Debug|Any CPU
		{045243F3-9496-44D4-9081-4347A8DBCCA5}.Debug|ARM.ActiveCfg = Debug|Any CPU
		{045243F3-9496-44D4-9081-4347A8DBCCA5}.Debug|ARM.Build.0 = Debug|Any CPU
		{045243F3-9496-44D4-9081-4347A8DBCCA5}.Debug|ARM.Deploy.0 = Debug|Any CPU
		{045243F3-9496-44D4-9081-4347A8DBCCA5}.Debug|iPhone.ActiveCfg = Debug|Any CPU
		{045243F3-9496-44D4-9081-4347A8DBCCA5}.Debug|iPhone.Build.0 = Debug|Any CPU
		{045243F3-9496-44D4-9081-4347A8DBCCA5}.Debug|iPhone.Deploy.0 = Debug|Any CPU
		{045243F3-9496-44D4-9081-4347A8DBCCA5}.Debug|iPhoneSimulator.ActiveCfg = Debug|Any CPU
		{045243F3-9496-44D4-9081-4347A8DBCCA5}.Debug|iPhoneSimulator.Build.0 = Debug|Any CPU
		{045243F3-9496-44D4-9081-4347A8DBCCA5}.Debug|iPhoneSimulator.Deploy.0 = Debug|Any CPU
		{045243F3-9496-44D4-9081-4347A8DBCCA5}.Debug|x64.ActiveCfg = Debug|Any CPU
		{045243F3-9496-44D4-9081-4347A8DBCCA5}.Debug|x64.Build.0 = Debug|Any CPU
		{045243F3-9496-44D4-9081-4347A8DBCCA5}.Debug|x64.Deploy.0 = Debug|Any CPU
		{045243F3-9496-44D4-9081-4347A8DBCCA5}.Debug|x86.ActiveCfg = Debug|Any CPU
		{045243F3-9496-44D4-9081-4347A8DBCCA5}.Debug|x86.Build.0 = Debug|Any CPU
		{045243F3-9496-44D4-9081-4347A8DBCCA5}.Debug|x86.Deploy.0 = Debug|Any CPU
		{045243F3-9496-44D4-9081-4347A8DBCCA5}.Release|Any CPU.ActiveCfg = Release|Any CPU
		{045243F3-9496-44D4-9081-4347A8DBCCA5}.Release|Any CPU.Build.0 = Release|Any CPU
		{045243F3-9496-44D4-9081-4347A8DBCCA5}.Release|Any CPU.Deploy.0 = Release|Any CPU
		{045243F3-9496-44D4-9081-4347A8DBCCA5}.Release|ARM.ActiveCfg = Release|Any CPU
		{045243F3-9496-44D4-9081-4347A8DBCCA5}.Release|ARM.Build.0 = Release|Any CPU
		{045243F3-9496-44D4-9081-4347A8DBCCA5}.Release|ARM.Deploy.0 = Release|Any CPU
		{045243F3-9496-44D4-9081-4347A8DBCCA5}.Release|iPhone.ActiveCfg = Release|Any CPU
		{045243F3-9496-44D4-9081-4347A8DBCCA5}.Release|iPhone.Build.0 = Release|Any CPU
		{045243F3-9496-44D4-9081-4347A8DBCCA5}.Release|iPhone.Deploy.0 = Release|Any CPU
		{045243F3-9496-44D4-9081-4347A8DBCCA5}.Release|iPhoneSimulator.ActiveCfg = Release|Any CPU
		{045243F3-9496-44D4-9081-4347A8DBCCA5}.Release|iPhoneSimulator.Build.0 = Release|Any CPU
		{045243F3-9496-44D4-9081-4347A8DBCCA5}.Release|iPhoneSimulator.Deploy.0 = Release|Any CPU
		{045243F3-9496-44D4-9081-4347A8DBCCA5}.Release|x64.ActiveCfg = Release|Any CPU
		{045243F3-9496-44D4-9081-4347A8DBCCA5}.Release|x64.Build.0 = Release|Any CPU
		{045243F3-9496-44D4-9081-4347A8DBCCA5}.Release|x64.Deploy.0 = Release|Any CPU
		{045243F3-9496-44D4-9081-4347A8DBCCA5}.Release|x86.ActiveCfg = Release|Any CPU
		{045243F3-9496-44D4-9081-4347A8DBCCA5}.Release|x86.Build.0 = Release|Any CPU
		{045243F3-9496-44D4-9081-4347A8DBCCA5}.Release|x86.Deploy.0 = Release|Any CPU
	EndGlobalSection
	GlobalSection(SolutionProperties) = preSolution
		HideSolutionNode = FALSE
	EndGlobalSection
	GlobalSection(ExtensibilityGlobals) = postSolution
		SolutionGuid = {969CA464-67A9-4DB9-BE1A-3C74192FFC38}
	EndGlobalSection
EndGlobal
